
Microsoft Visual Studio Solution File, Format Version 12.00
# Visual Studio Version 16
VisualStudioVersion = 16.0.30907.101
MinimumVisualStudioVersion = 10.0.40219.1
Project("{9A19103F-16F7-4668-BE54-9A1E7A4F7556}") = "TaskTracker", "TaskTracker\TaskTracker.csproj", "{17A59D37-EB48-45C1-B0C3-706CCC3073AA}"
EndProject
Global
	GlobalSection(SolutionConfigurationPlatforms) = preSolution
		Debug|Any CPU = Debug|Any CPU
		Release|Any CPU = Release|Any CPU
	EndGlobalSection
	GlobalSection(ProjectConfigurationPlatforms) = postSolution
		{17A59D37-EB48-45C1-B0C3-706CCC3073AA}.Debug|Any CPU.ActiveCfg = Debug|Any CPU
		{17A59D37-EB48-45C1-B0C3-706CCC3073AA}.Debug|Any CPU.Build.0 = Debug|Any CPU
		{17A59D37-EB48-45C1-B0C3-706CCC3073AA}.Release|Any CPU.ActiveCfg = Release|Any CPU
		{17A59D37-EB48-45C1-B0C3-706CCC3073AA}.Release|Any CPU.Build.0 = Release|Any CPU
	EndGlobalSection
	GlobalSection(SolutionProperties) = preSolution
		HideSolutionNode = FALSE
	EndGlobalSection
	GlobalSection(ExtensibilityGlobals) = postSolution
		SolutionGuid = {860F92C5-3A48-4C8B-81B0-40C1FBDC7105}
	EndGlobalSection
EndGlobal
